
Microsoft Visual Studio Solution File, Format Version 12.00
# Visual Studio Version 17
VisualStudioVersion = 17.6.33815.320
MinimumVisualStudioVersion = 10.0.40219.1
Project("{FAE04EC0-301F-11D3-BF4B-00C04F79EFBC}") = "Quack.TestSuite.Equality", "Quack.TestSuite.Equality\Quack.TestSuite.Equality.csproj", "{E81EE8BB-8FD6-405B-8996-434468DAA7E4}"
EndProject
Project("{FAE04EC0-301F-11D3-BF4B-00C04F79EFBC}") = "Quack.TestSuite.Tests", "Quack.TestSuite.Tests\Quack.TestSuite.Tests.csproj", "{7180B456-EB37-42E2-B3E8-E300A6D8FF61}"
EndProject
Project("{FAE04EC0-301F-11D3-BF4B-00C04F79EFBC}") = "Quack.TestSuite.NotifyPropertyChanged", "Quack.TestSuite.NotifyPropertyChanged\Quack.TestSuite.NotifyPropertyChanged.csproj", "{E37826CC-F91E-4F3F-AB37-9E9B3882CE6B}"
EndProject
Project("{2150E333-8FDC-42A3-9474-1A3956D46DE8}") = "Solution Items", "Solution Items", "{30972056-E838-404E-AC33-DB683176C636}"
	ProjectSection(SolutionItems) = preProject
		.editorconfig = .editorconfig
	EndProjectSection
EndProject
Global
	GlobalSection(SolutionConfigurationPlatforms) = preSolution
		Debug|Any CPU = Debug|Any CPU
		Release|Any CPU = Release|Any CPU
	EndGlobalSection
	GlobalSection(ProjectConfigurationPlatforms) = postSolution
		{E81EE8BB-8FD6-405B-8996-434468DAA7E4}.Debug|Any CPU.ActiveCfg = Debug|Any CPU
		{E81EE8BB-8FD6-405B-8996-434468DAA7E4}.Debug|Any CPU.Build.0 = Debug|Any CPU
		{E81EE8BB-8FD6-405B-8996-434468DAA7E4}.Release|Any CPU.ActiveCfg = Release|Any CPU
		{E81EE8BB-8FD6-405B-8996-434468DAA7E4}.Release|Any CPU.Build.0 = Release|Any CPU
		{7180B456-EB37-42E2-B3E8-E300A6D8FF61}.Debug|Any CPU.ActiveCfg = Debug|Any CPU
		{7180B456-EB37-42E2-B3E8-E300A6D8FF61}.Debug|Any CPU.Build.0 = Debug|Any CPU
		{7180B456-EB37-42E2-B3E8-E300A6D8FF61}.Release|Any CPU.ActiveCfg = Release|Any CPU
		{7180B456-EB37-42E2-B3E8-E300A6D8FF61}.Release|Any CPU.Build.0 = Release|Any CPU
		{E37826CC-F91E-4F3F-AB37-9E9B3882CE6B}.Debug|Any CPU.ActiveCfg = Debug|Any CPU
		{E37826CC-F91E-4F3F-AB37-9E9B3882CE6B}.Debug|Any CPU.Build.0 = Debug|Any CPU
		{E37826CC-F91E-4F3F-AB37-9E9B3882CE6B}.Release|Any CPU.ActiveCfg = Release|Any CPU
		{E37826CC-F91E-4F3F-AB37-9E9B3882CE6B}.Release|Any CPU.Build.0 = Release|Any CPU
	EndGlobalSection
	GlobalSection(SolutionProperties) = preSolution
		HideSolutionNode = FALSE
	EndGlobalSection
	GlobalSection(ExtensibilityGlobals) = postSolution
		SolutionGuid = {FDDF8354-9CB5-4525-956D-FF66BF5521B3}
	EndGlobalSection
EndGlobal
